
Microsoft Visual Studio Solution File, Format Version 12.00
# Visual Studio Version 17
VisualStudioVersion = 17.0.32112.339
MinimumVisualStudioVersion = 10.0.40219.1
Project("{888888A0-9F3D-457C-B088-3A5042F75D52}") = "ProjetPython", "ProjetPython\ProjetPython.pyproj", "{61C56A88-B66D-43E7-B5B2-793981659B83}"
EndProject
Global
	GlobalSection(SolutionConfigurationPlatforms) = preSolution
		Debug|Any CPU = Debug|Any CPU
		Release|Any CPU = Release|Any CPU
	EndGlobalSection
	GlobalSection(ProjectConfigurationPlatforms) = postSolution
		{61C56A88-B66D-43E7-B5B2-793981659B83}.Debug|Any CPU.ActiveCfg = Debug|Any CPU
		{61C56A88-B66D-43E7-B5B2-793981659B83}.Release|Any CPU.ActiveCfg = Release|Any CPU
	EndGlobalSection
	GlobalSection(SolutionProperties) = preSolution
		HideSolutionNode = FALSE
	EndGlobalSection
	GlobalSection(ExtensibilityGlobals) = postSolution
		SolutionGuid = {A301EA8C-7C72-4EA7-9B64-2C76BA1AB64B}
	EndGlobalSection
EndGlobal
